
Microsoft Visual Studio Solution File, Format Version 12.00
# Visual Studio Version 16
VisualStudioVersion = 25.0.1700.5
MinimumVisualStudioVersion = 10.0.40219.1
Project("{FAE04EC0-301F-11D3-BF4B-00C04F79EFBC}") = "NBS.Practice.API", "NBS.Practice.API\NBS.Practice.API.csproj", "{923B200B-C70E-402B-B9D8-126DC0BC9B19}"
EndProject
Project("{FAE04EC0-301F-11D3-BF4B-00C04F79EFBC}") = "NBS.Practice.API.UnitTest", "NBS.Practice.API.UnitTest\NBS.Practice.API.UnitTest.csproj", "{23B91B8B-A696-4800-95EF-5817A47B29EC}"
EndProject
Global
	GlobalSection(SolutionConfigurationPlatforms) = preSolution
		Debug|Any CPU = Debug|Any CPU
		Release|Any CPU = Release|Any CPU
	EndGlobalSection
	GlobalSection(ProjectConfigurationPlatforms) = postSolution
		{923B200B-C70E-402B-B9D8-126DC0BC9B19}.Debug|Any CPU.ActiveCfg = Debug|Any CPU
		{923B200B-C70E-402B-B9D8-126DC0BC9B19}.Debug|Any CPU.Build.0 = Debug|Any CPU
		{923B200B-C70E-402B-B9D8-126DC0BC9B19}.Release|Any CPU.ActiveCfg = Release|Any CPU
		{923B200B-C70E-402B-B9D8-126DC0BC9B19}.Release|Any CPU.Build.0 = Release|Any CPU
		{23B91B8B-A696-4800-95EF-5817A47B29EC}.Debug|Any CPU.ActiveCfg = Debug|Any CPU
		{23B91B8B-A696-4800-95EF-5817A47B29EC}.Debug|Any CPU.Build.0 = Debug|Any CPU
		{23B91B8B-A696-4800-95EF-5817A47B29EC}.Release|Any CPU.ActiveCfg = Release|Any CPU
		{23B91B8B-A696-4800-95EF-5817A47B29EC}.Release|Any CPU.Build.0 = Release|Any CPU
	EndGlobalSection
	GlobalSection(SolutionProperties) = preSolution
		HideSolutionNode = FALSE
	EndGlobalSection
	GlobalSection(ExtensibilityGlobals) = postSolution
		SolutionGuid = {44EDC54E-F12F-4E5E-94E0-AE234C076752}
	EndGlobalSection
EndGlobal
